
Microsoft Visual Studio Solution File, Format Version 12.00
# Visual Studio Version 17
VisualStudioVersion = 17.6.33815.320
MinimumVisualStudioVersion = 10.0.40219.1
Project("{9A19103F-16F7-4668-BE54-9A1E7A4F7556}") = "GUI", "GONSA\GUI.csproj", "{21489B1B-6266-4C6A-A0B7-B76D25F9ACDB}"
EndProject
Project("{FAE04EC0-301F-11D3-BF4B-00C04F79EFBC}") = "BLL", "BLL\BLL.csproj", "{BBC92AB0-2F50-4C92-A43F-D5E2D7D9EF6D}"
EndProject
Project("{FAE04EC0-301F-11D3-BF4B-00C04F79EFBC}") = "DAL", "DAL\DAL.csproj", "{74773168-BAE1-4E10-A8A1-581D0341B785}"
EndProject
Project("{FAE04EC0-301F-11D3-BF4B-00C04F79EFBC}") = "DTO", "DTO\DTO.csproj", "{06C37FB5-1577-42EB-A283-DA93B77DCA26}"
EndProject
Global
	GlobalSection(SolutionConfigurationPlatforms) = preSolution
		Debug|Any CPU = Debug|Any CPU
		Release|Any CPU = Release|Any CPU
	EndGlobalSection
	GlobalSection(ProjectConfigurationPlatforms) = postSolution
		{21489B1B-6266-4C6A-A0B7-B76D25F9ACDB}.Debug|Any CPU.ActiveCfg = Debug|Any CPU
		{21489B1B-6266-4C6A-A0B7-B76D25F9ACDB}.Debug|Any CPU.Build.0 = Debug|Any CPU
		{21489B1B-6266-4C6A-A0B7-B76D25F9ACDB}.Release|Any CPU.ActiveCfg = Release|Any CPU
		{21489B1B-6266-4C6A-A0B7-B76D25F9ACDB}.Release|Any CPU.Build.0 = Release|Any CPU
		{BBC92AB0-2F50-4C92-A43F-D5E2D7D9EF6D}.Debug|Any CPU.ActiveCfg = Debug|Any CPU
		{BBC92AB0-2F50-4C92-A43F-D5E2D7D9EF6D}.Debug|Any CPU.Build.0 = Debug|Any CPU
		{BBC92AB0-2F50-4C92-A43F-D5E2D7D9EF6D}.Release|Any CPU.ActiveCfg = Release|Any CPU
		{BBC92AB0-2F50-4C92-A43F-D5E2D7D9EF6D}.Release|Any CPU.Build.0 = Release|Any CPU
		{74773168-BAE1-4E10-A8A1-581D0341B785}.Debug|Any CPU.ActiveCfg = Debug|Any CPU
		{74773168-BAE1-4E10-A8A1-581D0341B785}.Debug|Any CPU.Build.0 = Debug|Any CPU
		{74773168-BAE1-4E10-A8A1-581D0341B785}.Release|Any CPU.ActiveCfg = Release|Any CPU
		{74773168-BAE1-4E10-A8A1-581D0341B785}.Release|Any CPU.Build.0 = Release|Any CPU
		{06C37FB5-1577-42EB-A283-DA93B77DCA26}.Debug|Any CPU.ActiveCfg = Debug|Any CPU
		{06C37FB5-1577-42EB-A283-DA93B77DCA26}.Debug|Any CPU.Build.0 = Debug|Any CPU
		{06C37FB5-1577-42EB-A283-DA93B77DCA26}.Release|Any CPU.ActiveCfg = Release|Any CPU
		{06C37FB5-1577-42EB-A283-DA93B77DCA26}.Release|Any CPU.Build.0 = Release|Any CPU
	EndGlobalSection
	GlobalSection(SolutionProperties) = preSolution
		HideSolutionNode = FALSE
	EndGlobalSection
	GlobalSection(ExtensibilityGlobals) = postSolution
		SolutionGuid = {C3BC9FFD-D361-40F6-A709-B26BD6424D97}
	EndGlobalSection
EndGlobal
